name: recsys
channels:
  - conda-forge
  - rapidsai
dependencies:
  - _openmp_mutex=4.5=20_gnu
  - _python_abi3_support=1.0=hd8ed1ab_3
  - bzip2=1.0.8=hda65f42_10
  - ca-certificates=2026.7.22=hbd8a1cb_0
  - cpython=3.11.16=py311hd8ed1ab_2
  - cuda-bindings=13.4.3=py311hdfc3925_0
  - cuda-core=1.2.1=cuda13_py311h4260245_1
  - cuda-cudart=13.1.80=hecca717_0
  - cuda-cudart_linux-64=13.1.80=h376f20c_0
  - cuda-nvrtc=13.1.115=hecca717_0
  - cuda-nvvm-impl=13.1.115=h4bc722e_0
  - cuda-pathfinder=1.8.2=pyhc364b38_0
  - cuda-python=13.4.3=py_min_310_0
  - cuda-version=13.1=h2ff5cdb_3
  - fmt=12.1.0=h76c4fd7_1
  - icu=78.3=py310h44b86e0_2
  - implicit=0.7.3=py311h91ea57c_7
  - implicit-proc=0.7.3=gpu
  - ld_impl_linux-64=2.46.1=default_hbd61a6d_102
  - libblas=3.11.0=11_h4a7cf45_openblas
  - libcap=2.78=h084b8d7_1
  - libcblas=3.11.0=11_h0358290_openblas
  - libcublas=13.2.2.2=h676940d_0
  - libcufile=1.16.1.26=hd07211c_0
  - libcurand=10.4.1.81=h676940d_0
  - libexpat=2.8.5=hd2095e1_0
  - libffi=3.7.0=h81df57d_1
  - libgcc=16.2.0=ha9f2e26_7
  - libgfortran=16.2.0=h69a702a_7
  - libgfortran5=16.2.0=h6b99dfc_7
  - libgomp=16.2.0=he0feb66_7
  - liblapack=3.11.0=11_h47877c9_openblas
  - liblzma=5.8.3=hb03c661_1
  - libnl=3.11.0=hb03c661_1
  - libnsl=2.0.1=hb9d3cd8_1
  - libnvfatbin=13.1.115=hecca717_0
  - libnvjitlink=13.4.92=hd2095e1_0
  - libopenblas=0.3.34=pthreads_hf13c14d_2
  - libpython=3.11.16=h0c77377_2_cpython
  - librmm=26.04.00=cuda13_260408_48b36cc6
  - libsqlite=3.53.4=h13e7031_1
  - libstdcxx=16.2.0=h934c35e_7
  - libsystemd0=262=h26e0ef7_2
  - libudev1=262=h26e0ef7_2
  - libuuid=2.42.4=hcfc3c73_0
  - libxcrypt=4.4.38=h280c20c_0
  - libzlib=1.3.2=h25fd6f3_3
  - ncurses=6.6=hdb14827_1
  - numpy=2.4.6=py311h2e04523_0
  - openssl=3.6.4=h781a0a9_0
  - packaging=26.3=pyhc364b38_0
  - pip=26.2.1=pyh8b19718_0
  - python=3.11.16=h5f976f7_2_cpython
  - python-gil=3.11.16=hd8ed1ab_2
  - python_abi=3.11=9_cp311
  - rapids-logger=0.2.3=h98325ef_0
  - rdma-core=65.0=h7b4f2e6_0
  - readline=8.3=hd6e31c0_1
  - rmm=26.04.00=cuda13_cp311_abi3_260408_48b36cc6
  - scipy=1.17.1=py311hbe70eeb_1
  - setuptools=84.0.0=pyh332efcf_0
  - spdlog=1.17.0=hb6aa676_2
  - threadpoolctl=3.7.0=pyhc455866_0
  - tk=8.6.13=noxft_h1df4ec4_4
  - tqdm=4.70.1=pyhfa0c392_0
  - tzdata=2026c=h151e31d_0
  - wheel=0.48.0=pyhd8ed1ab_0
  - zstd=1.5.7=hb78ec9c_7
prefix: /home/ricardorobayom95/miniforge3/envs/recsys
